{
  "nodes": {
    "framos-src": {
      "flake": false,
      "locked": {
        "lastModified": 1766131186,
        "narHash": "sha256-OOJ7jJd3eiQS3tg3+nsXDFuxiTHVLzi253u9Sqnly2U=",
        "owner": "framosimaging",
        "repo": "framos-jetson-drivers",
        "rev": "4e772feec7f21e5ca3d485142c7df03a95c75f3c",
        "type": "github"
      },
      "original": {
        "owner": "framosimaging",
        "ref": "l4t-r36.4.4",
        "repo": "framos-jetson-drivers",
        "type": "github"
      }
    },
    "root": {
      "inputs": {
        "framos-src": "framos-src"
      }
    }
  },
  "root": "root",
  "version": 7
}
